
Microsoft Visual Studio Solution File, Format Version 12.00
# Visual Studio Version 16
VisualStudioVersion = 16.0.30804.86
MinimumVisualStudioVersion = 10.0.40219.1
Project("{9A19103F-16F7-4668-BE54-9A1E7A4F7556}") = "RouterRegistration.Domain", "RouterRegistration.Core\RouterRegistration.Domain.csproj", "{DDAF8FCB-CE42-4706-ADC1-C1D7E60374D6}"
EndProject
Project("{9A19103F-16F7-4668-BE54-9A1E7A4F7556}") = "RouterRegistration.Repository", "RouterRegistration.Repository\RouterRegistration.Repository.csproj", "{919C26F9-0CD2-4935-B0C7-B2FFC5765E98}"
EndProject
Project("{9A19103F-16F7-4668-BE54-9A1E7A4F7556}") = "RouterRegistration.Services", "RouterRegistration.Services\RouterRegistration.Services.csproj", "{B6A597E6-C5C5-4767-A3D0-D6AC63501FDC}"
EndProject
Project("{9A19103F-16F7-4668-BE54-9A1E7A4F7556}") = "RouterRegistration.Api", "RouterRegistration.Api\RouterRegistration.Api.csproj", "{08BD081C-E4B3-48CE-8555-8835643F46EC}"
EndProject
Global
	GlobalSection(SolutionConfigurationPlatforms) = preSolution
		Debug|Any CPU = Debug|Any CPU
		Release|Any CPU = Release|Any CPU
	EndGlobalSection
	GlobalSection(ProjectConfigurationPlatforms) = postSolution
		{DDAF8FCB-CE42-4706-ADC1-C1D7E60374D6}.Debug|Any CPU.ActiveCfg = Debug|Any CPU
		{DDAF8FCB-CE42-4706-ADC1-C1D7E60374D6}.Debug|Any CPU.Build.0 = Debug|Any CPU
		{DDAF8FCB-CE42-4706-ADC1-C1D7E60374D6}.Release|Any CPU.ActiveCfg = Release|Any CPU
		{DDAF8FCB-CE42-4706-ADC1-C1D7E60374D6}.Release|Any CPU.Build.0 = Release|Any CPU
		{919C26F9-0CD2-4935-B0C7-B2FFC5765E98}.Debug|Any CPU.ActiveCfg = Debug|Any CPU
		{919C26F9-0CD2-4935-B0C7-B2FFC5765E98}.Debug|Any CPU.Build.0 = Debug|Any CPU
		{919C26F9-0CD2-4935-B0C7-B2FFC5765E98}.Release|Any CPU.ActiveCfg = Release|Any CPU
		{919C26F9-0CD2-4935-B0C7-B2FFC5765E98}.Release|Any CPU.Build.0 = Release|Any CPU
		{B6A597E6-C5C5-4767-A3D0-D6AC63501FDC}.Debug|Any CPU.ActiveCfg = Debug|Any CPU
		{B6A597E6-C5C5-4767-A3D0-D6AC63501FDC}.Debug|Any CPU.Build.0 = Debug|Any CPU
		{B6A597E6-C5C5-4767-A3D0-D6AC63501FDC}.Release|Any CPU.ActiveCfg = Release|Any CPU
		{B6A597E6-C5C5-4767-A3D0-D6AC63501FDC}.Release|Any CPU.Build.0 = Release|Any CPU
		{08BD081C-E4B3-48CE-8555-8835643F46EC}.Debug|Any CPU.ActiveCfg = Debug|Any CPU
		{08BD081C-E4B3-48CE-8555-8835643F46EC}.Debug|Any CPU.Build.0 = Debug|Any CPU
		{08BD081C-E4B3-48CE-8555-8835643F46EC}.Release|Any CPU.ActiveCfg = Release|Any CPU
		{08BD081C-E4B3-48CE-8555-8835643F46EC}.Release|Any CPU.Build.0 = Release|Any CPU
	EndGlobalSection
	GlobalSection(SolutionProperties) = preSolution
		HideSolutionNode = FALSE
	EndGlobalSection
	GlobalSection(ExtensibilityGlobals) = postSolution
		SolutionGuid = {2B6BBC7F-DDEB-433B-9708-4680C5AF26ED}
	EndGlobalSection
EndGlobal
